// !$*UTF8*$!
{
	archiveVersion = 1;
	classes = {
	};
	objectVersion = 50;
	objects = {

/* Begin PBXBuildFile section */
		291069D3275941FE001992D8 /* LearningappApp.swift in Sources */ = {isa = PBXBuildFile; fileRef = 291069D2275941FE001992D8 /* LearningappApp.swift */; };
		291069D5275941FE001992D8 /* HomeView.swift in Sources */ = {isa = PBXBuildFile; fileRef = 291069D4275941FE001992D8 /* HomeView.swift */; };
		291069D727594213001992D8 /* Assets.xcassets in Resources */ = {isa = PBXBuildFile; fileRef = 291069D627594213001992D8 /* Assets.xcassets */; };
		291069DA27594213001992D8 /* Preview Assets.xcassets in Resources */ = {isa = PBXBuildFile; fileRef = 291069D927594213001992D8 /* Preview Assets.xcassets */; };
		291069EA275A9690001992D8 /* ContentModel.swift in Sources */ = {isa = PBXBuildFile; fileRef = 291069E9275A9690001992D8 /* ContentModel.swift */; };
		291069ED2763DD09001992D8 /* data.json in Resources */ = {isa = PBXBuildFile; fileRef = 291069EC2763DD09001992D8 /* data.json */; };
		291069F02763DD3B001992D8 /* style.html in Resources */ = {isa = PBXBuildFile; fileRef = 291069EF2763DD3B001992D8 /* style.html */; };
		291069F32767BE82001992D8 /* Model.swift in Sources */ = {isa = PBXBuildFile; fileRef = 291069F22767BE82001992D8 /* Model.swift */; };
/* End PBXBuildFile section */

/* Begin PBXFileReference section */
		291069CF275941FE001992D8 /* Learningapp.app */ = {isa = PBXFileReference; explicitFileType = wrapper.application; includeInIndex = 0; path = Learningapp.app; sourceTree = BUILT_PRODUCTS_DIR; };
		291069D2275941FE001992D8 /* LearningappApp.swift */ = {isa = PBXFileReference; lastKnownFileType = sourcecode.swift; path = LearningappApp.swift; sourceTree = "<group>"; };
		291069D4275941FE001992D8 /* HomeView.swift */ = {isa = PBXFileReference; lastKnownFileType = sourcecode.swift; path = HomeView.swift; sourceTree = "<group>"; };
		291069D627594213001992D8 /* Assets.xcassets */ = {isa = PBXFileReference; lastKnownFileType = folder.assetcatalog; path = Assets.xcassets; sourceTree = "<group>"; };
		291069D927594213001992D8 /* Preview Assets.xcassets */ = {isa = PBXFileReference; lastKnownFileType = folder.assetcatalog; path = "Preview Assets.xcassets"; sourceTree = "<group>"; };
		291069DB27594213001992D8 /* Info.plist */ = {isa = PBXFileReference; lastKnownFileType = text.plist.xml; path = Info.plist; sourceTree = "<group>"; };
		291069E9275A9690001992D8 /* ContentModel.swift */ = {isa = PBXFileReference; lastKnownFileType = sourcecode.swift; path = ContentModel.swift; sourceTree = "<group>"; };
		291069EC2763DD09001992D8 /* data.json */ = {isa = PBXFileReference; fileEncoding = 4; lastKnownFileType = text.json; name = data.json; path = ../../../../Downloads/data.json; sourceTree = "<group>"; };
		291069EF2763DD3B001992D8 /* style.html */ = {isa = PBXFileReference; fileEncoding = 4; lastKnownFileType = text.html; name = style.html; path = ../../../../Downloads/style.html; sourceTree = "<group>"; };
		291069F22767BE82001992D8 /* Model.swift */ = {isa = PBXFileReference; lastKnownFileType = sourcecode.swift; path = Model.swift; sourceTree = "<group>"; };
/* End PBXFileReference section */

/* Begin PBXFrameworksBuildPhase section */
		291069CC275941FE001992D8 /* Frameworks */ = {
			isa = PBXFrameworksBuildPhase;
			buildActionMask = 2147483647;
			files = (
			);
			runOnlyForDeploymentPostprocessing = 0;
		};
/* End PBXFrameworksBuildPhase section */

/* Begin PBXGroup section */
		291069C6275941FE001992D8 = {
			isa = PBXGroup;
			children = (
				291069D1275941FE001992D8 /* Learningapp */,
				291069D0275941FE001992D8 /* Products */,
			);
			sourceTree = "<group>";
		};
		291069D0275941FE001992D8 /* Products */ = {
			isa = PBXGroup;
			children = (
				291069CF275941FE001992D8 /* Learningapp.app */,
			);
			name = Products;
			sourceTree = "<group>";
		};
		291069D1275941FE001992D8 /* Learningapp */ = {
			isa = PBXGroup;
			children = (
				291069D2275941FE001992D8 /* LearningappApp.swift */,
				291069E3275A9384001992D8 /* Views */,
				291069E4275A938B001992D8 /* ViewModels */,
				291069E5275A93CE001992D8 /* Models */,
				291069E6275A93DA001992D8 /* Resources */,
				291069E7275A94B4001992D8 /* Helpers */,
				291069D627594213001992D8 /* Assets.xcassets */,
				291069DB27594213001992D8 /* Info.plist */,
				291069D827594213001992D8 /* Preview Content */,
			);
			path = Learningapp;
			sourceTree = "<group>";
		};
		291069D827594213001992D8 /* Preview Content */ = {
			isa = PBXGroup;
			children = (
				291069D927594213001992D8 /* Preview Assets.xcassets */,
			);
			path = "Preview Content";
			sourceTree = "<group>";
		};
		291069E3275A9384001992D8 /* Views */ = {
			isa = PBXGroup;
			children = (
				291069D4275941FE001992D8 /* HomeView.swift */,
			);
			path = Views;
			sourceTree = "<group>";
		};
		291069E4275A938B001992D8 /* ViewModels */ = {
			isa = PBXGroup;
			children = (
				291069E9275A9690001992D8 /* ContentModel.swift */,
			);
			path = ViewModels;
			sourceTree = "<group>";
		};
		291069E5275A93CE001992D8 /* Models */ = {
			isa = PBXGroup;
			children = (
				291069F22767BE82001992D8 /* Model.swift */,
			);
			path = Models;
			sourceTree = "<group>";
		};
		291069E6275A93DA001992D8 /* Resources */ = {
			isa = PBXGroup;
			children = (
				291069EC2763DD09001992D8 /* data.json */,
				291069EF2763DD3B001992D8 /* style.html */,
			);
			path = Resources;
			sourceTree = "<group>";
		};
		291069E7275A94B4001992D8 /* Helpers */ = {
			isa = PBXGroup;
			children = (
			);
			path = Helpers;
			sourceTree = "<group>";
		};
/* End PBXGroup section */

/* Begin PBXNativeTarget section */
		291069CE275941FE001992D8 /* Learningapp */ = {
			isa = PBXNativeTarget;
			buildConfigurationList = 291069DE27594213001992D8 /* Build configuration list for PBXNativeTarget "Learningapp" */;
			buildPhases = (
				291069CB275941FE001992D8 /* Sources */,
				291069CC275941FE001992D8 /* Frameworks */,
				291069CD275941FE001992D8 /* Resources */,
			);
			buildRules = (
			);
			dependencies = (
			);
			name = Learningapp;
			productName = Learningapp;
			productReference = 291069CF275941FE001992D8 /* Learningapp.app */;
			productType = "com.apple.product-type.application";
		};
/* End PBXNativeTarget section */

/* Begin PBXProject section */
		291069C7275941FE001992D8 /* Project object */ = {
			isa = PBXProject;
			attributes = {
				LastSwiftUpdateCheck = 1240;
				LastUpgradeCheck = 1240;
				TargetAttributes = {
					291069CE275941FE001992D8 = {
						CreatedOnToolsVersion = 12.4;
					};
				};
			};
			buildConfigurationList = 291069CA275941FE001992D8 /* Build configuration list for PBXProject "Learningapp" */;
			compatibilityVersion = "Xcode 9.3";
			developmentRegion = en;
			hasScannedForEncodings = 0;
			knownRegions = (
				en,
				Base,
			);
			mainGroup = 291069C6275941FE001992D8;
			productRefGroup = 291069D0275941FE001992D8 /* Products */;
			projectDirPath = "";
			projectRoot = "";
			targets = (
				291069CE275941FE001992D8 /* Learningapp */,
			);
		};
/* End PBXProject section */

/* Begin PBXResourcesBuildPhase section */
		291069CD275941FE001992D8 /* Resources */ = {
			isa = PBXResourcesBuildPhase;
			buildActionMask = 2147483647;
			files = (
				291069DA27594213001992D8 /* Preview Assets.xcassets in Resources */,
				291069ED2763DD09001992D8 /* data.json in Resources */,
				291069F02763DD3B001992D8 /* style.html in Resources */,
				291069D727594213001992D8 /* Assets.xcassets in Resources */,
			);
			runOnlyForDeploymentPostprocessing = 0;
		};
/* End PBXResourcesBuildPhase section */

/* Begin PBXSourcesBuildPhase section */
		291069CB275941FE001992D8 /* Sources */ = {
			isa = PBXSourcesBuildPhase;
			buildActionMask = 2147483647;
			files = (
				291069D5275941FE001992D8 /* HomeView.swift in Sources */,
				291069D3275941FE001992D8 /* LearningappApp.swift in Sources */,
				291069EA275A9690001992D8 /* ContentModel.swift in Sources */,
				291069F32767BE82001992D8 /* Model.swift in Sources */,
			);
			runOnlyForDeploymentPostprocessing = 0;
		};
/* End PBXSourcesBuildPhase section */

/* Begin XCBuildConfiguration section */
		291069DC27594213001992D8 /* Debug */ = {
			isa = XCBuildConfiguration;
			buildSettings = {
				ALWAYS_SEARCH_USER_PATHS = NO;
				CLANG_ANALYZER_NONNULL = YES;
				CLANG_ANALYZER_NUMBER_OBJECT_CONVERSION = YES_AGGRESSIVE;
				CLANG_CXX_LANGUAGE_STANDARD = "gnu++14";
				CLANG_CXX_LIBRARY = "libc++";
				CLANG_ENABLE_MODULES = YES;
				CLANG_ENABLE_OBJC_ARC = YES;
				CLANG_ENABLE_OBJC_WEAK = YES;
				CLANG_WARN_BLOCK_CAPTURE_AUTORELEASING = YES;
				CLANG_WARN_BOOL_CONVERSION = YES;
				CLANG_WARN_COMMA = YES;
				CLANG_WARN_CONSTANT_CONVERSION = YES;
				CLANG_WARN_DEPRECATED_OBJC_IMPLEMENTATIONS = YES;
				CLANG_WARN_DIRECT_OBJC_ISA_USAGE = YES_ERROR;
				CLANG_WARN_DOCUMENTATION_COMMENTS = YES;
				CLANG_WARN_EMPTY_BODY = YES;
				CLANG_WARN_ENUM_CONVERSION = YES;
				CLANG_WARN_INFINITE_RECURSION = YES;
				CLANG_WARN_INT_CONVERSION = YES;
				CLANG_WARN_NON_LITERAL_NULL_CONVERSION = YES;
				CLANG_WARN_OBJC_IMPLICIT_RETAIN_SELF = YES;
				CLANG_WARN_OBJC_LITERAL_CONVERSION = YES;
				CLANG_WARN_OBJC_ROOT_CLASS = YES_ERROR;
				CLANG_WARN_QUOTED_INCLUDE_IN_FRAMEWORK_HEADER = YES;
				CLANG_WARN_RANGE_LOOP_ANALYSIS = YES;
				CLANG_WARN_STRICT_PROTOTYPES = YES;
				CLANG_WARN_SUSPICIOUS_MOVE = YES;
				CLANG_WARN_UNGUARDED_AVAILABILITY = YES_AGGRESSIVE;
				CLANG_WARN_UNREACHABLE_CODE = YES;
				CLANG_WARN__DUPLICATE_METHOD_MATCH = YES;
				COPY_PHASE_STRIP = NO;
				DEBUG_INFORMATION_FORMAT = dwarf;
				ENABLE_STRICT_OBJC_MSGSEND = YES;
				ENABLE_TESTABILITY = YES;
				GCC_C_LANGUAGE_STANDARD = gnu11;
				GCC_DYNAMIC_NO_PIC = NO;
				GCC_NO_COMMON_BLOCKS = YES;
				GCC_OPTIMIZATION_LEVEL = 0;
				GCC_PREPROCESSOR_DEFINITIONS = (
					"DEBUG=1",
					"$(inherited)",
				);
				GCC_WARN_64_TO_32_BIT_CONVERSION = YES;
				GCC_WARN_ABOUT_RETURN_TYPE = YES_ERROR;
				GCC_WARN_UNDECLARED_SELECTOR = YES;
				GCC_WARN_UNINITIALIZED_AUTOS = YES_AGGRESSIVE;
				GCC_WARN_UNUSED_FUNCTION = YES;
				GCC_WARN_UNUSED_VARIABLE = YES;
				IPHONEOS_DEPLOYMENT_TARGET = 14.4;
				MTL_ENABLE_DEBUG_INFO = INCLUDE_SOURCE;
				MTL_FAST_MATH = YES;
				ONLY_ACTIVE_ARCH = YES;
				SDKROOT = iphoneos;
				SWIFT_ACTIVE_COMPILATION_CONDITIONS = DEBUG;
				SWIFT_OPTIMIZATION_LEVEL = "-Onone";
			};
			name = Debug;
		};
		291069DD27594213001992D8 /* Release */ = {
			isa = XCBuildConfiguration;
			buildSettings = {
				ALWAYS_SEARCH_USER_PATHS = NO;
				CLANG_ANALYZER_NONNULL = YES;
				CLANG_ANALYZER_NUMBER_OBJECT_CONVERSION = YES_AGGRESSIVE;
				CLANG_CXX_LANGUAGE_STANDARD = "gnu++14";
				CLANG_CXX_LIBRARY = "libc++";
				CLANG_ENABLE_MODULES = YES;
				CLANG_ENABLE_OBJC_ARC = YES;
				CLANG_ENABLE_OBJC_WEAK = YES;
				CLANG_WARN_BLOCK_CAPTURE_AUTORELEASING = YES;
				CLANG_WARN_BOOL_CONVERSION = YES;
				CLANG_WARN_COMMA = YES;
				CLANG_WARN_CONSTANT_CONVERSION = YES;
				CLANG_WARN_DEPRECATED_OBJC_IMPLEMENTATIONS = YES;
				CLANG_WARN_DIRECT_OBJC_ISA_USAGE = YES_ERROR;
				CLANG_WARN_DOCUMENTATION_COMMENTS = YES;
				CLANG_WARN_EMPTY_BODY = YES;
				CLANG_WARN_ENUM_CONVERSION = YES;
				CLANG_WARN_INFINITE_RECURSION = YES;
				CLANG_WARN_INT_CONVERSION = YES;
				CLANG_WARN_NON_LITERAL_NULL_CONVERSION = YES;
				CLANG_WARN_OBJC_IMPLICIT_RETAIN_SELF = YES;
				CLANG_WARN_OBJC_LITERAL_CONVERSION = YES;
				CLANG_WARN_OBJC_ROOT_CLASS = YES_ERROR;
				CLANG_WARN_QUOTED_INCLUDE_IN_FRAMEWORK_HEADER = YES;
				CLANG_WARN_RANGE_LOOP_ANALYSIS = YES;
				CLANG_WARN_STRICT_PROTOTYPES = YES;
				CLANG_WARN_SUSPICIOUS_MOVE = YES;
				CLANG_WARN_UNGUARDED_AVAILABILITY = YES_AGGRESSIVE;
				CLANG_WARN_UNREACHABLE_CODE = YES;
				CLANG_WARN__DUPLICATE_METHOD_MATCH = YES;
				COPY_PHASE_STRIP = NO;
				DEBUG_INFORMATION_FORMAT = "dwarf-with-dsym";
				ENABLE_NS_ASSERTIONS = NO;
				ENABLE_STRICT_OBJC_MSGSEND = YES;
				GCC_C_LANGUAGE_STANDARD = gnu11;
				GCC_NO_COMMON_BLOCKS = YES;
				GCC_WARN_64_TO_32_BIT_CONVERSION = YES;
				GCC_WARN_ABOUT_RETURN_TYPE = YES_ERROR;
				GCC_WARN_UNDECLARED_SELECTOR = YES;
				GCC_WARN_UNINITIALIZED_AUTOS = YES_AGGRESSIVE;
				GCC_WARN_UNUSED_FUNCTION = YES;
				GCC_WARN_UNUSED_VARIABLE = YES;
				IPHONEOS_DEPLOYMENT_TARGET = 14.4;
				MTL_ENABLE_DEBUG_INFO = NO;
				MTL_FAST_MATH = YES;
				SDKROOT = iphoneos;
				SWIFT_COMPILATION_MODE = wholemodule;
				SWIFT_OPTIMIZATION_LEVEL = "-O";
				VALIDATE_PRODUCT = YES;
			};
			name = Release;
		};
		291069DF27594213001992D8 /* Debug */ = {
			isa = XCBuildConfiguration;
			buildSettings = {
				ASSETCATALOG_COMPILER_APPICON_NAME = AppIcon;
				ASSETCATALOG_COMPILER_GLOBAL_ACCENT_COLOR_NAME = AccentColor;
				CODE_SIGN_STYLE = Automatic;
				DEVELOPMENT_ASSET_PATHS = "\"Learningapp/Preview Content\"";
				ENABLE_PREVIEWS = YES;
				INFOPLIST_FILE = Learningapp/Info.plist;
				IPHONEOS_DEPLOYMENT_TARGET = 14.0;
				LD_RUNPATH_SEARCH_PATHS = (
					"$(inherited)",
					"@executable_path/Frameworks",
				);
				PRODUCT_BUNDLE_IDENTIFIER = "Tristan-Butler.Learningapp";
				PRODUCT_NAME = "$(TARGET_NAME)";
				SWIFT_VERSION = 5.0;
				TARGETED_DEVICE_FAMILY = "1,2";
			};
			name = Debug;
		};
		291069E027594213001992D8 /* Release */ = {
			isa = XCBuildConfiguration;
			buildSettings = {
				ASSETCATALOG_COMPILER_APPICON_NAME = AppIcon;
				ASSETCATALOG_COMPILER_GLOBAL_ACCENT_COLOR_NAME = AccentColor;
				CODE_SIGN_STYLE = Automatic;
				DEVELOPMENT_ASSET_PATHS = "\"Learningapp/Preview Content\"";
				ENABLE_PREVIEWS = YES;
				INFOPLIST_FILE = Learningapp/Info.plist;
				IPHONEOS_DEPLOYMENT_TARGET = 14.0;
				LD_RUNPATH_SEARCH_PATHS = (
					"$(inherited)",
					"@executable_path/Frameworks",
				);
				PRODUCT_BUNDLE_IDENTIFIER = "Tristan-Butler.Learningapp";
				PRODUCT_NAME = "$(TARGET_NAME)";
				SWIFT_VERSION = 5.0;
				TARGETED_DEVICE_FAMILY = "1,2";
			};
			name = Release;
		};
/* End XCBuildConfiguration section */

/* Begin XCConfigurationList section */
		291069CA275941FE001992D8 /* Build configuration list for PBXProject "Learningapp" */ = {
			isa = XCConfigurationList;
			buildConfigurations = (
				291069DC27594213001992D8 /* Debug */,
				291069DD27594213001992D8 /* Release */,
			);
			defaultConfigurationIsVisible = 0;
			defaultConfigurationName = Release;
		};
		291069DE27594213001992D8 /* Build configuration list for PBXNativeTarget "Learningapp" */ = {
			isa = XCConfigurationList;
			buildConfigurations = (
				291069DF27594213001992D8 /* Debug */,
				291069E027594213001992D8 /* Release */,
			);
			defaultConfigurationIsVisible = 0;
			defaultConfigurationName = Release;
		};
/* End XCConfigurationList section */
	};
	rootObject = 291069C7275941FE001992D8 /* Project object */;
}
